
Microsoft Visual Studio Solution File, Format Version 12.00
# Visual Studio Version 17
VisualStudioVersion = 17.2.32519.379
MinimumVisualStudioVersion = 10.0.40219.1
Project("{9A19103F-16F7-4668-BE54-9A1E7A4F7556}") = "knowledge-hub.WebAPI", "knowledge-hub.WebAPI\knowledge-hub.WebAPI.csproj", "{E6237F6C-F04C-4B93-B22F-0F4116825E80}"
EndProject
Project("{FAE04EC0-301F-11D3-BF4B-00C04F79EFBC}") = "knowledge-hub.Desktop", "WindowsFormsApp1\knowledge-hub.Desktop.csproj", "{5588B0C1-0327-4A5E-8CAD-236CC652A5EF}"
EndProject
Project("{FAE04EC0-301F-11D3-BF4B-00C04F79EFBC}") = "knowledge-hub.Models", "knowledge-hub.Models\knowledge-hub.Models.csproj", "{C6D997C7-C0D7-4102-9C0E-D17F8D9E6673}"
EndProject
Global
	GlobalSection(SolutionConfigurationPlatforms) = preSolution
		Debug|Any CPU = Debug|Any CPU
		Release|Any CPU = Release|Any CPU
	EndGlobalSection
	GlobalSection(ProjectConfigurationPlatforms) = postSolution
		{E6237F6C-F04C-4B93-B22F-0F4116825E80}.Debug|Any CPU.ActiveCfg = Debug|Any CPU
		{E6237F6C-F04C-4B93-B22F-0F4116825E80}.Debug|Any CPU.Build.0 = Debug|Any CPU
		{E6237F6C-F04C-4B93-B22F-0F4116825E80}.Release|Any CPU.ActiveCfg = Release|Any CPU
		{E6237F6C-F04C-4B93-B22F-0F4116825E80}.Release|Any CPU.Build.0 = Release|Any CPU
		{5588B0C1-0327-4A5E-8CAD-236CC652A5EF}.Debug|Any CPU.ActiveCfg = Debug|Any CPU
		{5588B0C1-0327-4A5E-8CAD-236CC652A5EF}.Debug|Any CPU.Build.0 = Debug|Any CPU
		{5588B0C1-0327-4A5E-8CAD-236CC652A5EF}.Release|Any CPU.ActiveCfg = Release|Any CPU
		{5588B0C1-0327-4A5E-8CAD-236CC652A5EF}.Release|Any CPU.Build.0 = Release|Any CPU
		{C6D997C7-C0D7-4102-9C0E-D17F8D9E6673}.Debug|Any CPU.ActiveCfg = Debug|Any CPU
		{C6D997C7-C0D7-4102-9C0E-D17F8D9E6673}.Debug|Any CPU.Build.0 = Debug|Any CPU
		{C6D997C7-C0D7-4102-9C0E-D17F8D9E6673}.Release|Any CPU.ActiveCfg = Release|Any CPU
		{C6D997C7-C0D7-4102-9C0E-D17F8D9E6673}.Release|Any CPU.Build.0 = Release|Any CPU
	EndGlobalSection
	GlobalSection(SolutionProperties) = preSolution
		HideSolutionNode = FALSE
	EndGlobalSection
	GlobalSection(ExtensibilityGlobals) = postSolution
		SolutionGuid = {802E67ED-E52A-4E30-9C3D-5F7D9AECE898}
	EndGlobalSection
EndGlobal
